<?xml version="1.0" encoding="utf-8"?>
<Project ToolsVersion="4.0" xmlns="http://schemas.microsoft.com/developer/msbuild/2003">
  <ItemGroup>
    <None Include="Assets\linux_nmake.xaml">
      <Filter>Assets</Filter>
    </None>
    <None Include="Assets\LinuxDebugger.xaml">
      <Filter>Assets</Filter>
    </None>
    <None Include="Assets\LocalDebugger.xaml">
      <Filter>Assets</Filter>
    </None>
    <None Include="Assets\OCDDebugger.xaml">
      <Filter>Assets</Filter>
    </None>
    <None Include="Readme\images\debugproperties.png">
      <Filter>Readme\images</Filter>
    </None>
    <None Include="Readme\images\remotebuild.png">
      <Filter>Readme\images</Filter>
    </None>
    <None Include="Readme\images\remotebuildcmdline.png">
      <Filter>Readme\images</Filter>
    </None>
    <None Include="Readme\images\ocdproperties.png">
      <Filter>Readme\images</Filter>
    </None>
    <None Include="qube_gdb.bat">
      <Filter>gdb_files</Filter>
    </None>
    <None Include="make.py">
      <Filter>Source Files</Filter>
    </None>
    <None Include="bochsrc_gdb.bxrc">
      <Filter>gdb_files</Filter>
    </None>
    <None Include=".gdbinit">
      <Filter>gdb_files</Filter>
    </None>
    <None Include="gdb_proxy.py">
      <Filter>gdb_files</Filter>
    </None>
    <None Include="qube_gdb_vmware.bat">
      <Filter>gdb_files</Filter>
    </None>
    <None Include="native_gdb.bat">
      <Filter>gdb_files</Filter>
    </None>
  </ItemGroup>
  <ItemGroup>
    <Text Include="Readme\readme.html">
      <Filter>Readme</Filter>
    </Text>
    <Text Include="Readme\stylesheet.css">
      <Filter>Readme</Filter>
    </Text>
    <Text Include="readme.txt">
      <Filter>gdb_files</Filter>
    </Text>
  </ItemGroup>
  <ItemGroup>
    <Filter Include="Assets">
      <UniqueIdentifier>{08a26e93-524c-4982-a01c-c8d4f223d6be}</UniqueIdentifier>
    </Filter>
    <Filter Include="Readme">
      <UniqueIdentifier>{35c51339-ba9d-43c8-bd71-5f3199e89878}</UniqueIdentifier>
    </Filter>
    <Filter Include="Readme\images">
      <UniqueIdentifier>{fba64bae-4073-4f46-af33-d3b048352479}</UniqueIdentifier>
    </Filter>
    <Filter Include="gdb_files">
      <UniqueIdentifier>{1644865b-bb81-45e7-b525-01a31cddae9b}</UniqueIdentifier>
    </Filter>
    <Filter Include="Source Files">
      <UniqueIdentifier>{e3aa692a-caa6-4d75-ace3-0e90cf018690}</UniqueIdentifier>
    </Filter>
  </ItemGroup>
</Project>