
Microsoft Visual Studio Solution File, Format Version 12.00
# Visual Studio 14
VisualStudioVersion = 14.0.24720.0
MinimumVisualStudioVersion = 10.0.40219.1
Project("{8BC9CEB8-8B4A-11D0-8D11-00A0C91BC942}") = "bootloader", "bootloader\bootloader.vcxproj", "{5DBE5941-57DD-4BED-AD76-B0C7CEB1D8F4}"
EndProject
Project("{8BC9CEB8-8B4A-11D0-8D11-00A0C91BC942}") = "kernel", "kernel\kernel.vcxproj", "{43200A7A-8FF2-4465-8340-49E4C87475C6}"
EndProject
Project("{2150E333-8FDC-42A3-9474-1A3956D46DE8}") = "bootchain_modules", "bootchain_modules", "{4CD07A00-2CC9-4FFD-B832-BD4628226710}"
EndProject
Project("{8BC9CEB8-8B4A-11D0-8D11-00A0C91BC942}") = "module1", "module1\module1.vcxproj", "{DD3B77F3-92FD-43E9-8109-4D9AB1E1EF39}"
EndProject
Project("{8BC9CEB8-8B4A-11D0-8D11-00A0C91BC942}") = "module2", "module2\module2.vcxproj", "{CBAC4CBF-714F-4C4E-9703-56F0A625BA38}"
EndProject
Project("{8BC9CEB8-8B4A-11D0-8D11-00A0C91BC942}") = "common", "Common\Common.vcxproj", "{4918C222-B355-4D65-8E1E-B9FA37883364}"
EndProject
Project("{8BC9CEB8-8B4A-11D0-8D11-00A0C91BC942}") = "__build_all", "__build_all\__build_all.vcxproj", "{D858AA0D-1BC1-4D8F-B30F-8B8A1C69C148}"
EndProject
Project("{8BC9CEB8-8B4A-11D0-8D11-00A0C91BC942}") = "_static_files", "_static_files\_static_files.vcxproj", "{7BEB6AB7-2237-4836-9F31-2431DC1A2AB4}"
EndProject
Project("{8BC9CEB8-8B4A-11D0-8D11-00A0C91BC942}") = "QbjectManager", "QbjectManager\QbjectManager.vcxproj", "{C22B85D0-1D23-46C2-B622-379A8A6AADD5}"
EndProject
Global
	GlobalSection(SolutionConfigurationPlatforms) = preSolution
		Debug|x64 = Debug|x64
		Debug|x86 = Debug|x86
		Release|x64 = Release|x64
		Release|x86 = Release|x86
	EndGlobalSection
	GlobalSection(ProjectConfigurationPlatforms) = postSolution
		{5DBE5941-57DD-4BED-AD76-B0C7CEB1D8F4}.Debug|x64.ActiveCfg = BootLoader|x64
		{5DBE5941-57DD-4BED-AD76-B0C7CEB1D8F4}.Debug|x64.Build.0 = BootLoader|x64
		{5DBE5941-57DD-4BED-AD76-B0C7CEB1D8F4}.Debug|x86.ActiveCfg = BootLoader|Win32
		{5DBE5941-57DD-4BED-AD76-B0C7CEB1D8F4}.Debug|x86.Build.0 = BootLoader|Win32
		{5DBE5941-57DD-4BED-AD76-B0C7CEB1D8F4}.Release|x64.ActiveCfg = BootLoader|x64
		{5DBE5941-57DD-4BED-AD76-B0C7CEB1D8F4}.Release|x64.Build.0 = BootLoader|x64
		{5DBE5941-57DD-4BED-AD76-B0C7CEB1D8F4}.Release|x86.ActiveCfg = BootLoader|Win32
		{5DBE5941-57DD-4BED-AD76-B0C7CEB1D8F4}.Release|x86.Build.0 = BootLoader|Win32
		{43200A7A-8FF2-4465-8340-49E4C87475C6}.Debug|x64.ActiveCfg = Debug|x64
		{43200A7A-8FF2-4465-8340-49E4C87475C6}.Debug|x64.Build.0 = Debug|x64
		{43200A7A-8FF2-4465-8340-49E4C87475C6}.Debug|x86.ActiveCfg = Debug|x64
		{43200A7A-8FF2-4465-8340-49E4C87475C6}.Debug|x86.Build.0 = Debug|x64
		{43200A7A-8FF2-4465-8340-49E4C87475C6}.Release|x64.ActiveCfg = Release|x64
		{43200A7A-8FF2-4465-8340-49E4C87475C6}.Release|x86.ActiveCfg = Release|Win32
		{DD3B77F3-92FD-43E9-8109-4D9AB1E1EF39}.Debug|x64.ActiveCfg = Debug|x64
		{DD3B77F3-92FD-43E9-8109-4D9AB1E1EF39}.Debug|x64.Build.0 = Debug|x64
		{DD3B77F3-92FD-43E9-8109-4D9AB1E1EF39}.Debug|x86.ActiveCfg = Debug|Win32
		{DD3B77F3-92FD-43E9-8109-4D9AB1E1EF39}.Debug|x86.Build.0 = Debug|Win32
		{DD3B77F3-92FD-43E9-8109-4D9AB1E1EF39}.Release|x64.ActiveCfg = Release|x64
		{DD3B77F3-92FD-43E9-8109-4D9AB1E1EF39}.Release|x64.Build.0 = Release|x64
		{DD3B77F3-92FD-43E9-8109-4D9AB1E1EF39}.Release|x86.ActiveCfg = Release|Win32
		{DD3B77F3-92FD-43E9-8109-4D9AB1E1EF39}.Release|x86.Build.0 = Release|Win32
		{CBAC4CBF-714F-4C4E-9703-56F0A625BA38}.Debug|x64.ActiveCfg = Debug|x64
		{CBAC4CBF-714F-4C4E-9703-56F0A625BA38}.Debug|x64.Build.0 = Debug|x64
		{CBAC4CBF-714F-4C4E-9703-56F0A625BA38}.Debug|x86.ActiveCfg = Debug|Win32
		{CBAC4CBF-714F-4C4E-9703-56F0A625BA38}.Debug|x86.Build.0 = Debug|Win32
		{CBAC4CBF-714F-4C4E-9703-56F0A625BA38}.Release|x64.ActiveCfg = Release|x64
		{CBAC4CBF-714F-4C4E-9703-56F0A625BA38}.Release|x64.Build.0 = Release|x64
		{CBAC4CBF-714F-4C4E-9703-56F0A625BA38}.Release|x86.ActiveCfg = Release|Win32
		{CBAC4CBF-714F-4C4E-9703-56F0A625BA38}.Release|x86.Build.0 = Release|Win32
		{4918C222-B355-4D65-8E1E-B9FA37883364}.Debug|x64.ActiveCfg = Debug|x64
		{4918C222-B355-4D65-8E1E-B9FA37883364}.Debug|x64.Build.0 = Debug|x64
		{4918C222-B355-4D65-8E1E-B9FA37883364}.Debug|x86.ActiveCfg = Debug|Win32
		{4918C222-B355-4D65-8E1E-B9FA37883364}.Debug|x86.Build.0 = Debug|Win32
		{4918C222-B355-4D65-8E1E-B9FA37883364}.Release|x64.ActiveCfg = Release|x64
		{4918C222-B355-4D65-8E1E-B9FA37883364}.Release|x64.Build.0 = Release|x64
		{4918C222-B355-4D65-8E1E-B9FA37883364}.Release|x86.ActiveCfg = Release|Win32
		{4918C222-B355-4D65-8E1E-B9FA37883364}.Release|x86.Build.0 = Release|Win32
		{D858AA0D-1BC1-4D8F-B30F-8B8A1C69C148}.Debug|x64.ActiveCfg = Debug|x64
		{D858AA0D-1BC1-4D8F-B30F-8B8A1C69C148}.Debug|x64.Build.0 = Debug|x64
		{D858AA0D-1BC1-4D8F-B30F-8B8A1C69C148}.Debug|x86.ActiveCfg = Debug|Win32
		{D858AA0D-1BC1-4D8F-B30F-8B8A1C69C148}.Debug|x86.Build.0 = Debug|Win32
		{D858AA0D-1BC1-4D8F-B30F-8B8A1C69C148}.Release|x64.ActiveCfg = Release|x64
		{D858AA0D-1BC1-4D8F-B30F-8B8A1C69C148}.Release|x64.Build.0 = Release|x64
		{D858AA0D-1BC1-4D8F-B30F-8B8A1C69C148}.Release|x86.ActiveCfg = Release|Win32
		{D858AA0D-1BC1-4D8F-B30F-8B8A1C69C148}.Release|x86.Build.0 = Release|Win32
		{7BEB6AB7-2237-4836-9F31-2431DC1A2AB4}.Debug|x64.ActiveCfg = Debug|x64
		{7BEB6AB7-2237-4836-9F31-2431DC1A2AB4}.Debug|x64.Build.0 = Debug|x64
		{7BEB6AB7-2237-4836-9F31-2431DC1A2AB4}.Debug|x86.ActiveCfg = Debug|Win32
		{7BEB6AB7-2237-4836-9F31-2431DC1A2AB4}.Debug|x86.Build.0 = Debug|Win32
		{7BEB6AB7-2237-4836-9F31-2431DC1A2AB4}.Release|x64.ActiveCfg = Release|x64
		{7BEB6AB7-2237-4836-9F31-2431DC1A2AB4}.Release|x64.Build.0 = Release|x64
		{7BEB6AB7-2237-4836-9F31-2431DC1A2AB4}.Release|x86.ActiveCfg = Release|Win32
		{7BEB6AB7-2237-4836-9F31-2431DC1A2AB4}.Release|x86.Build.0 = Release|Win32
		{C22B85D0-1D23-46C2-B622-379A8A6AADD5}.Debug|x64.ActiveCfg = Debug|x64
		{C22B85D0-1D23-46C2-B622-379A8A6AADD5}.Debug|x64.Build.0 = Debug|x64
		{C22B85D0-1D23-46C2-B622-379A8A6AADD5}.Debug|x86.ActiveCfg = Debug|Win32
		{C22B85D0-1D23-46C2-B622-379A8A6AADD5}.Debug|x86.Build.0 = Debug|Win32
		{C22B85D0-1D23-46C2-B622-379A8A6AADD5}.Release|x64.ActiveCfg = Release|x64
		{C22B85D0-1D23-46C2-B622-379A8A6AADD5}.Release|x64.Build.0 = Release|x64
		{C22B85D0-1D23-46C2-B622-379A8A6AADD5}.Release|x86.ActiveCfg = Release|Win32
		{C22B85D0-1D23-46C2-B622-379A8A6AADD5}.Release|x86.Build.0 = Release|Win32
	EndGlobalSection
	GlobalSection(SolutionProperties) = preSolution
		HideSolutionNode = FALSE
	EndGlobalSection
EndGlobal
